
Microsoft Visual Studio Solution File, Format Version 12.00
# Visual Studio Version 16
VisualStudioVersion = 16.0.30225.117
MinimumVisualStudioVersion = 10.0.40219.1
Project("{FAE04EC0-301F-11D3-BF4B-00C04F79EFBC}") = "WindowsFormsApp57", "WindowsFormsApp57\WindowsFormsApp57.csproj", "{F51F82E9-B36D-488F-8CF3-81902AAA554B}"
EndProject
Global
	GlobalSection(SolutionConfigurationPlatforms) = preSolution
		Debug|Any CPU = Debug|Any CPU
		Release|Any CPU = Release|Any CPU
	EndGlobalSection
	GlobalSection(ProjectConfigurationPlatforms) = postSolution
		{F51F82E9-B36D-488F-8CF3-81902AAA554B}.Debug|Any CPU.ActiveCfg = Debug|Any CPU
		{F51F82E9-B36D-488F-8CF3-81902AAA554B}.Debug|Any CPU.Build.0 = Debug|Any CPU
		{F51F82E9-B36D-488F-8CF3-81902AAA554B}.Release|Any CPU.ActiveCfg = Release|Any CPU
		{F51F82E9-B36D-488F-8CF3-81902AAA554B}.Release|Any CPU.Build.0 = Release|Any CPU
	EndGlobalSection
	GlobalSection(SolutionProperties) = preSolution
		HideSolutionNode = FALSE
	EndGlobalSection
	GlobalSection(ExtensibilityGlobals) = postSolution
		SolutionGuid = {D68970DF-772D-44E8-A302-D49FD4167B2D}
	EndGlobalSection
EndGlobal
